github.com/google/uuid v1.2.0 h1:qJYtXnJRWmpe7m/3XlyhrsLrEURqHRM2kxzoxXqyUDs=
github.com/google/uuid v1.2.0/go.mod h1:TIyPZe4MgqvfeYDBFedMoGGpEw/LqOeaOT+nhxU+yHo=
github.com/ndphu/message-handler-lib v0.0.0-20210709011051-1d6a11118e35 h1:WKEX6/gxZB8sL5Ng23pFSCQOsNGDiCKxE9PX2MiA9cU=
github.com/ndphu/message-handler-lib v0.0.0-20210709011051-1d6a11118e35/go.mod h1:YJiD3UGw8fZzoy1qC8uEZEBQeMj7NHxCJjJoHiDR6bI=
github.com/streadway/amqp v1.0.0 h1:kuuDrUJFZL1QYL9hUNuCxNObNzB0bV/ZG5jV3RWAQgo=
github.com/streadway/amqp v1.0.0/go.mod h1:AZpEONHx3DKn8O/DFsRAY58/XVQiIPMTMB1SddzLXVw=
